<?xml version="1.0" encoding="utf-8"?>
<Project ToolsVersion="15.0" xmlns="http://schemas.microsoft.com/developer/msbuild/2003">
  <ItemGroup>
    <Filter Include="Resource Files">
      <UniqueIdentifier>{67DA6AB6-F800-4c08-8B7A-83BB121AAD01}</UniqueIdentifier>
      <Extensions>rc;ico;cur;bmp;dlg;rc2;rct;bin;rgs;gif;jpg;jpeg;jpe;resx;tga;tiff;tif;png;wav;mfcribbon-ms</Extensions>
    </Filter>
    <Filter Include="Math">
      <UniqueIdentifier>{becc624e-9ba8-4502-aaa6-c697609a596c}</UniqueIdentifier>
    </Filter>
  </ItemGroup>
  <ItemGroup>
    <ClCompile Include="Phis2D.cpp" />
    <ClCompile Include="pch.cpp" />
    <ClCompile Include="RigidBody.cpp" />
    <ClCompile Include="Vector2.cpp">
      <Filter>Math</Filter>
    </ClCompile>
  </ItemGroup>
  <ItemGroup>
    <ClInclude Include="Phis2D.h" />
    <ClInclude Include="pch.h" />
    <ClInclude Include="targetver.h" />
    <ClInclude Include="Math2D.h">
      <Filter>Math</Filter>
    </ClInclude>
    <ClInclude Include="RigidBody.h" />
    <ClInclude Include="Shape.h">
      <Filter>Math</Filter>
    </ClInclude>
  </ItemGroup>
</Project>