<?xml version="1.0" encoding="utf-8"?>
<Project ToolsVersion="15.0" xmlns="http://schemas.microsoft.com/developer/msbuild/2003">
  <ItemGroup>
    <Filter Include="Basic">
      <UniqueIdentifier>{ee9368fa-3411-4671-bb4f-b078c986116d}</UniqueIdentifier>
    </Filter>
  </ItemGroup>
  <ItemGroup>
    <ClCompile Include="Behavour.cpp" />
    <ClCompile Include="pch.cpp" />
    <ClCompile Include="MoveBehavour.cpp">
      <Filter>Basic</Filter>
    </ClCompile>
  </ItemGroup>
  <ItemGroup>
    <ClInclude Include="Behavour.h" />
    <ClInclude Include="pch.h" />
    <ClInclude Include="targetver.h" />
    <ClInclude Include="MoveBehavour.h">
      <Filter>Basic</Filter>
    </ClInclude>
  </ItemGroup>
</Project>