
Microsoft Visual Studio Solution File, Format Version 12.00
# Visual Studio 15
VisualStudioVersion = 15.0.27428.2015
MinimumVisualStudioVersion = 10.0.40219.1
Project("{FAE04EC0-301F-11D3-BF4B-00C04F79EFBC}") = "ShaderForge", "ShaderForge\ShaderForge.csproj", "{2DAAE01E-5202-4F78-B5CE-B08DC97ADC82}"
EndProject
Project("{2150E333-8FDC-42A3-9474-1A3956D46DE8}") = "Engine", "Engine", "{2BA2FDA2-1B12-43DC-92B2-F4D12072C9F6}"
EndProject
Project("{2150E333-8FDC-42A3-9474-1A3956D46DE8}") = "Libs", "Libs", "{41073C8C-00A1-4373-90C6-B6321FCB6C09}"
EndProject
Project("{FAE04EC0-301F-11D3-BF4B-00C04F79EFBC}") = "rMind.Theme", "..\..\rmind\src\MyRoboMindMain\rMindTheme\rMind.Theme.csproj", "{458F5C99-D7E2-481A-BAEF-DB0D694A0F8A}"
EndProject
Project("{FAE04EC0-301F-11D3-BF4B-00C04F79EFBC}") = "rMind.Storage", "..\..\rmind\src\MyRoboMindMain\rMindStorage\rMind.Storage.csproj", "{926D5C3D-0424-454E-B78B-B50731744D7B}"
EndProject
Project("{FAE04EC0-301F-11D3-BF4B-00C04F79EFBC}") = "rMind.BaseControls", "..\..\rmind\src\MyRoboMindMain\rMindBaseControls\rMind.BaseControls.csproj", "{DDE69CFE-2F1D-46ED-A414-EB48870FF997}"
EndProject
Project("{FAE04EC0-301F-11D3-BF4B-00C04F79EFBC}") = "rMind.Base", "..\..\rmind\src\MyRoboMindMain\rMindBase\rMind.Base.csproj", "{709002B9-916F-481F-981B-6F4F0C2B51DB}"
EndProject
Project("{2150E333-8FDC-42A3-9474-1A3956D46DE8}") = "rMind", "rMind", "{E21396AE-807C-4406-AAAE-E7232C8DBE24}"
EndProject
Project("{2150E333-8FDC-42A3-9474-1A3956D46DE8}") = "HLSL", "HLSL", "{10A8E60F-77C8-43D9-8766-AE01BA57BFB7}"
EndProject
Project("{2150E333-8FDC-42A3-9474-1A3956D46DE8}") = "Render", "Render", "{E489E24D-3FC2-4BAB-9B03-07079124287D}"
EndProject
Project("{FAE04EC0-301F-11D3-BF4B-00C04F79EFBC}") = "HLSL.Editor", "HLSL.Editor\HLSL.Editor.csproj", "{E5F6B850-12F4-4DD3-8A8E-4F26A95F244D}"
EndProject
Project("{8BC9CEB8-8B4A-11D0-8D11-00A0C91BC942}") = "DX.Controls", "DX.Controls\DX.Controls.vcxproj", "{9A14D112-F9DE-4E2D-9C76-F5965E467CB9}"
EndProject
Global
	GlobalSection(SolutionConfigurationPlatforms) = preSolution
		Debug|Any CPU = Debug|Any CPU
		Debug|ARM = Debug|ARM
		Debug|x64 = Debug|x64
		Debug|x86 = Debug|x86
		Release|Any CPU = Release|Any CPU
		Release|ARM = Release|ARM
		Release|x64 = Release|x64
		Release|x86 = Release|x86
	EndGlobalSection
	GlobalSection(ProjectConfigurationPlatforms) = postSolution
		{2DAAE01E-5202-4F78-B5CE-B08DC97ADC82}.Debug|Any CPU.ActiveCfg = Debug|x86
		{2DAAE01E-5202-4F78-B5CE-B08DC97ADC82}.Debug|ARM.ActiveCfg = Debug|ARM
		{2DAAE01E-5202-4F78-B5CE-B08DC97ADC82}.Debug|ARM.Build.0 = Debug|ARM
		{2DAAE01E-5202-4F78-B5CE-B08DC97ADC82}.Debug|ARM.Deploy.0 = Debug|ARM
		{2DAAE01E-5202-4F78-B5CE-B08DC97ADC82}.Debug|x64.ActiveCfg = Debug|x64
		{2DAAE01E-5202-4F78-B5CE-B08DC97ADC82}.Debug|x64.Build.0 = Debug|x64
		{2DAAE01E-5202-4F78-B5CE-B08DC97ADC82}.Debug|x64.Deploy.0 = Debug|x64
		{2DAAE01E-5202-4F78-B5CE-B08DC97ADC82}.Debug|x86.ActiveCfg = Debug|x86
		{2DAAE01E-5202-4F78-B5CE-B08DC97ADC82}.Debug|x86.Build.0 = Debug|x86
		{2DAAE01E-5202-4F78-B5CE-B08DC97ADC82}.Debug|x86.Deploy.0 = Debug|x86
		{2DAAE01E-5202-4F78-B5CE-B08DC97ADC82}.Release|Any CPU.ActiveCfg = Release|x86
		{2DAAE01E-5202-4F78-B5CE-B08DC97ADC82}.Release|ARM.ActiveCfg = Release|ARM
		{2DAAE01E-5202-4F78-B5CE-B08DC97ADC82}.Release|ARM.Build.0 = Release|ARM
		{2DAAE01E-5202-4F78-B5CE-B08DC97ADC82}.Release|ARM.Deploy.0 = Release|ARM
		{2DAAE01E-5202-4F78-B5CE-B08DC97ADC82}.Release|x64.ActiveCfg = Release|x64
		{2DAAE01E-5202-4F78-B5CE-B08DC97ADC82}.Release|x64.Build.0 = Release|x64
		{2DAAE01E-5202-4F78-B5CE-B08DC97ADC82}.Release|x64.Deploy.0 = Release|x64
		{2DAAE01E-5202-4F78-B5CE-B08DC97ADC82}.Release|x86.ActiveCfg = Release|x86
		{2DAAE01E-5202-4F78-B5CE-B08DC97ADC82}.Release|x86.Build.0 = Release|x86
		{2DAAE01E-5202-4F78-B5CE-B08DC97ADC82}.Release|x86.Deploy.0 = Release|x86
		{458F5C99-D7E2-481A-BAEF-DB0D694A0F8A}.Debug|Any CPU.ActiveCfg = Debug|Any CPU
		{458F5C99-D7E2-481A-BAEF-DB0D694A0F8A}.Debug|Any CPU.Build.0 = Debug|Any CPU
		{458F5C99-D7E2-481A-BAEF-DB0D694A0F8A}.Debug|ARM.ActiveCfg = Debug|ARM
		{458F5C99-D7E2-481A-BAEF-DB0D694A0F8A}.Debug|ARM.Build.0 = Debug|ARM
		{458F5C99-D7E2-481A-BAEF-DB0D694A0F8A}.Debug|x64.ActiveCfg = Debug|x64
		{458F5C99-D7E2-481A-BAEF-DB0D694A0F8A}.Debug|x64.Build.0 = Debug|x64
		{458F5C99-D7E2-481A-BAEF-DB0D694A0F8A}.Debug|x86.ActiveCfg = Debug|x86
		{458F5C99-D7E2-481A-BAEF-DB0D694A0F8A}.Debug|x86.Build.0 = Debug|x86
		{458F5C99-D7E2-481A-BAEF-DB0D694A0F8A}.Release|Any CPU.ActiveCfg = Release|Any CPU
		{458F5C99-D7E2-481A-BAEF-DB0D694A0F8A}.Release|Any CPU.Build.0 = Release|Any CPU
		{458F5C99-D7E2-481A-BAEF-DB0D694A0F8A}.Release|ARM.ActiveCfg = Release|ARM
		{458F5C99-D7E2-481A-BAEF-DB0D694A0F8A}.Release|ARM.Build.0 = Release|ARM
		{458F5C99-D7E2-481A-BAEF-DB0D694A0F8A}.Release|x64.ActiveCfg = Release|x64
		{458F5C99-D7E2-481A-BAEF-DB0D694A0F8A}.Release|x64.Build.0 = Release|x64
		{458F5C99-D7E2-481A-BAEF-DB0D694A0F8A}.Release|x86.ActiveCfg = Release|x86
		{458F5C99-D7E2-481A-BAEF-DB0D694A0F8A}.Release|x86.Build.0 = Release|x86
		{926D5C3D-0424-454E-B78B-B50731744D7B}.Debug|Any CPU.ActiveCfg = Debug|Any CPU
		{926D5C3D-0424-454E-B78B-B50731744D7B}.Debug|Any CPU.Build.0 = Debug|Any CPU
		{926D5C3D-0424-454E-B78B-B50731744D7B}.Debug|ARM.ActiveCfg = Debug|ARM
		{926D5C3D-0424-454E-B78B-B50731744D7B}.Debug|ARM.Build.0 = Debug|ARM
		{926D5C3D-0424-454E-B78B-B50731744D7B}.Debug|x64.ActiveCfg = Debug|x64
		{926D5C3D-0424-454E-B78B-B50731744D7B}.Debug|x64.Build.0 = Debug|x64
		{926D5C3D-0424-454E-B78B-B50731744D7B}.Debug|x86.ActiveCfg = Debug|x86
		{926D5C3D-0424-454E-B78B-B50731744D7B}.Debug|x86.Build.0 = Debug|x86
		{926D5C3D-0424-454E-B78B-B50731744D7B}.Release|Any CPU.ActiveCfg = Release|Any CPU
		{926D5C3D-0424-454E-B78B-B50731744D7B}.Release|Any CPU.Build.0 = Release|Any CPU
		{926D5C3D-0424-454E-B78B-B50731744D7B}.Release|ARM.ActiveCfg = Release|ARM
		{926D5C3D-0424-454E-B78B-B50731744D7B}.Release|ARM.Build.0 = Release|ARM
		{926D5C3D-0424-454E-B78B-B50731744D7B}.Release|x64.ActiveCfg = Release|x64
		{926D5C3D-0424-454E-B78B-B50731744D7B}.Release|x64.Build.0 = Release|x64
		{926D5C3D-0424-454E-B78B-B50731744D7B}.Release|x86.ActiveCfg = Release|x86
		{926D5C3D-0424-454E-B78B-B50731744D7B}.Release|x86.Build.0 = Release|x86
		{DDE69CFE-2F1D-46ED-A414-EB48870FF997}.Debug|Any CPU.ActiveCfg = Debug|Any CPU
		{DDE69CFE-2F1D-46ED-A414-EB48870FF997}.Debug|Any CPU.Build.0 = Debug|Any CPU
		{DDE69CFE-2F1D-46ED-A414-EB48870FF997}.Debug|ARM.ActiveCfg = Debug|ARM
		{DDE69CFE-2F1D-46ED-A414-EB48870FF997}.Debug|ARM.Build.0 = Debug|ARM
		{DDE69CFE-2F1D-46ED-A414-EB48870FF997}.Debug|x64.ActiveCfg = Debug|x64
		{DDE69CFE-2F1D-46ED-A414-EB48870FF997}.Debug|x64.Build.0 = Debug|x64
		{DDE69CFE-2F1D-46ED-A414-EB48870FF997}.Debug|x86.ActiveCfg = Debug|x86
		{DDE69CFE-2F1D-46ED-A414-EB48870FF997}.Debug|x86.Build.0 = Debug|x86
		{DDE69CFE-2F1D-46ED-A414-EB48870FF997}.Release|Any CPU.ActiveCfg = Release|Any CPU
		{DDE69CFE-2F1D-46ED-A414-EB48870FF997}.Release|Any CPU.Build.0 = Release|Any CPU
		{DDE69CFE-2F1D-46ED-A414-EB48870FF997}.Release|ARM.ActiveCfg = Release|ARM
		{DDE69CFE-2F1D-46ED-A414-EB48870FF997}.Release|ARM.Build.0 = Release|ARM
		{DDE69CFE-2F1D-46ED-A414-EB48870FF997}.Release|x64.ActiveCfg = Release|x64
		{DDE69CFE-2F1D-46ED-A414-EB48870FF997}.Release|x64.Build.0 = Release|x64
		{DDE69CFE-2F1D-46ED-A414-EB48870FF997}.Release|x86.ActiveCfg = Release|x86
		{DDE69CFE-2F1D-46ED-A414-EB48870FF997}.Release|x86.Build.0 = Release|x86
		{709002B9-916F-481F-981B-6F4F0C2B51DB}.Debug|Any CPU.ActiveCfg = Debug|Any CPU
		{709002B9-916F-481F-981B-6F4F0C2B51DB}.Debug|Any CPU.Build.0 = Debug|Any CPU
		{709002B9-916F-481F-981B-6F4F0C2B51DB}.Debug|ARM.ActiveCfg = Debug|ARM
		{709002B9-916F-481F-981B-6F4F0C2B51DB}.Debug|ARM.Build.0 = Debug|ARM
		{709002B9-916F-481F-981B-6F4F0C2B51DB}.Debug|x64.ActiveCfg = Debug|x64
		{709002B9-916F-481F-981B-6F4F0C2B51DB}.Debug|x64.Build.0 = Debug|x64
		{709002B9-916F-481F-981B-6F4F0C2B51DB}.Debug|x86.ActiveCfg = Debug|x86
		{709002B9-916F-481F-981B-6F4F0C2B51DB}.Debug|x86.Build.0 = Debug|x86
		{709002B9-916F-481F-981B-6F4F0C2B51DB}.Release|Any CPU.ActiveCfg = Release|Any CPU
		{709002B9-916F-481F-981B-6F4F0C2B51DB}.Release|Any CPU.Build.0 = Release|Any CPU
		{709002B9-916F-481F-981B-6F4F0C2B51DB}.Release|ARM.ActiveCfg = Release|ARM
		{709002B9-916F-481F-981B-6F4F0C2B51DB}.Release|ARM.Build.0 = Release|ARM
		{709002B9-916F-481F-981B-6F4F0C2B51DB}.Release|x64.ActiveCfg = Release|x64
		{709002B9-916F-481F-981B-6F4F0C2B51DB}.Release|x64.Build.0 = Release|x64
		{709002B9-916F-481F-981B-6F4F0C2B51DB}.Release|x86.ActiveCfg = Release|x86
		{709002B9-916F-481F-981B-6F4F0C2B51DB}.Release|x86.Build.0 = Release|x86
		{E5F6B850-12F4-4DD3-8A8E-4F26A95F244D}.Debug|Any CPU.ActiveCfg = Debug|Any CPU
		{E5F6B850-12F4-4DD3-8A8E-4F26A95F244D}.Debug|Any CPU.Build.0 = Debug|Any CPU
		{E5F6B850-12F4-4DD3-8A8E-4F26A95F244D}.Debug|ARM.ActiveCfg = Debug|ARM
		{E5F6B850-12F4-4DD3-8A8E-4F26A95F244D}.Debug|ARM.Build.0 = Debug|ARM
		{E5F6B850-12F4-4DD3-8A8E-4F26A95F244D}.Debug|x64.ActiveCfg = Debug|x64
		{E5F6B850-12F4-4DD3-8A8E-4F26A95F244D}.Debug|x64.Build.0 = Debug|x64
		{E5F6B850-12F4-4DD3-8A8E-4F26A95F244D}.Debug|x86.ActiveCfg = Debug|x86
		{E5F6B850-12F4-4DD3-8A8E-4F26A95F244D}.Debug|x86.Build.0 = Debug|x86
		{E5F6B850-12F4-4DD3-8A8E-4F26A95F244D}.Release|Any CPU.ActiveCfg = Release|Any CPU
		{E5F6B850-12F4-4DD3-8A8E-4F26A95F244D}.Release|Any CPU.Build.0 = Release|Any CPU
		{E5F6B850-12F4-4DD3-8A8E-4F26A95F244D}.Release|ARM.ActiveCfg = Release|ARM
		{E5F6B850-12F4-4DD3-8A8E-4F26A95F244D}.Release|ARM.Build.0 = Release|ARM
		{E5F6B850-12F4-4DD3-8A8E-4F26A95F244D}.Release|x64.ActiveCfg = Release|x64
		{E5F6B850-12F4-4DD3-8A8E-4F26A95F244D}.Release|x64.Build.0 = Release|x64
		{E5F6B850-12F4-4DD3-8A8E-4F26A95F244D}.Release|x86.ActiveCfg = Release|x86
		{E5F6B850-12F4-4DD3-8A8E-4F26A95F244D}.Release|x86.Build.0 = Release|x86
		{9A14D112-F9DE-4E2D-9C76-F5965E467CB9}.Debug|Any CPU.ActiveCfg = Debug|Win32
		{9A14D112-F9DE-4E2D-9C76-F5965E467CB9}.Debug|ARM.ActiveCfg = Debug|ARM
		{9A14D112-F9DE-4E2D-9C76-F5965E467CB9}.Debug|ARM.Build.0 = Debug|ARM
		{9A14D112-F9DE-4E2D-9C76-F5965E467CB9}.Debug|x64.ActiveCfg = Debug|x64
		{9A14D112-F9DE-4E2D-9C76-F5965E467CB9}.Debug|x64.Build.0 = Debug|x64
		{9A14D112-F9DE-4E2D-9C76-F5965E467CB9}.Debug|x86.ActiveCfg = Debug|Win32
		{9A14D112-F9DE-4E2D-9C76-F5965E467CB9}.Debug|x86.Build.0 = Debug|Win32
		{9A14D112-F9DE-4E2D-9C76-F5965E467CB9}.Release|Any CPU.ActiveCfg = Release|Win32
		{9A14D112-F9DE-4E2D-9C76-F5965E467CB9}.Release|ARM.ActiveCfg = Release|ARM
		{9A14D112-F9DE-4E2D-9C76-F5965E467CB9}.Release|ARM.Build.0 = Release|ARM
		{9A14D112-F9DE-4E2D-9C76-F5965E467CB9}.Release|x64.ActiveCfg = Release|x64
		{9A14D112-F9DE-4E2D-9C76-F5965E467CB9}.Release|x64.Build.0 = Release|x64
		{9A14D112-F9DE-4E2D-9C76-F5965E467CB9}.Release|x86.ActiveCfg = Release|Win32
		{9A14D112-F9DE-4E2D-9C76-F5965E467CB9}.Release|x86.Build.0 = Release|Win32
	EndGlobalSection
	GlobalSection(SolutionProperties) = preSolution
		HideSolutionNode = FALSE
	EndGlobalSection
	GlobalSection(NestedProjects) = preSolution
		{458F5C99-D7E2-481A-BAEF-DB0D694A0F8A} = {E21396AE-807C-4406-AAAE-E7232C8DBE24}
		{926D5C3D-0424-454E-B78B-B50731744D7B} = {E21396AE-807C-4406-AAAE-E7232C8DBE24}
		{DDE69CFE-2F1D-46ED-A414-EB48870FF997} = {E21396AE-807C-4406-AAAE-E7232C8DBE24}
		{709002B9-916F-481F-981B-6F4F0C2B51DB} = {E21396AE-807C-4406-AAAE-E7232C8DBE24}
		{E21396AE-807C-4406-AAAE-E7232C8DBE24} = {41073C8C-00A1-4373-90C6-B6321FCB6C09}
		{10A8E60F-77C8-43D9-8766-AE01BA57BFB7} = {41073C8C-00A1-4373-90C6-B6321FCB6C09}
		{E489E24D-3FC2-4BAB-9B03-07079124287D} = {10A8E60F-77C8-43D9-8766-AE01BA57BFB7}
		{E5F6B850-12F4-4DD3-8A8E-4F26A95F244D} = {10A8E60F-77C8-43D9-8766-AE01BA57BFB7}
		{9A14D112-F9DE-4E2D-9C76-F5965E467CB9} = {E489E24D-3FC2-4BAB-9B03-07079124287D}
	EndGlobalSection
	GlobalSection(ExtensibilityGlobals) = postSolution
		SolutionGuid = {1C4E2070-B550-40BF-BC94-13371965DEE8}
	EndGlobalSection
EndGlobal
